
Microsoft Visual Studio Solution File, Format Version 12.00
# Visual Studio 2013
VisualStudioVersion = 12.0.40629.0
MinimumVisualStudioVersion = 10.0.40219.1
Project("{8BC9CEB8-8B4A-11D0-8D11-00A0C91BC942}") = "FrankLuna-D3D11", "FrankLuna-D3D11\FrankLuna-D3D11.vcxproj", "{0846B947-17CF-4CD3-9E3A-1975D473BCAB}"
EndProject
Project("{8BC9CEB8-8B4A-11D0-8D11-00A0C91BC942}") = "DirectXTK_Desktop_2013", "DirectXTK\DirectXTK_Desktop_2013.vcxproj", "{E0B52AE7-E160-4D32-BF3F-910B785E5A8E}"
EndProject
Project("{2150E333-8FDC-42A3-9474-1A3956D46DE8}") = "Tutorials", "Tutorials", "{E046995E-D108-4B39-BAA2-FC9B3EFCAEE7}"
EndProject
Project("{8BC9CEB8-8B4A-11D0-8D11-00A0C91BC942}") = "01-Sprites-and-textures", "01-Sprites-and-textures\01-Sprites-and-textures.vcxproj", "{B4BAA057-5560-4B17-A6EE-2656245804F8}"
EndProject
Project("{8BC9CEB8-8B4A-11D0-8D11-00A0C91BC942}") = "02-More-tricks-with-sprites", "02-More-tricks-with-sprites\02-More-tricks-with-sprites.vcxproj", "{721CB9EE-E6D8-4656-86A5-39B6AFEEE0F2}"
EndProject
Project("{8BC9CEB8-8B4A-11D0-8D11-00A0C91BC942}") = "04-Simple-rendering", "04-Simple-rendering\04-Simple-rendering.vcxproj", "{778A2071-CFA4-445E-ABEF-0F9DD25B4448}"
EndProject
Project("{8BC9CEB8-8B4A-11D0-8D11-00A0C91BC942}") = "05-3D-shapes", "05-3D-shapes\05-3D-shapes.vcxproj", "{CAEE0B0A-4B1D-4FFA-8B70-807D9B27525C}"
EndProject
Project("{8BC9CEB8-8B4A-11D0-8D11-00A0C91BC942}") = "06-Rendering-a-model", "06-Rendering-a-model\06-Rendering-a-model.vcxproj", "{02ED71A8-FBEA-4AE5-B00A-09CF8A348125}"
EndProject
Project("{8BC9CEB8-8B4A-11D0-8D11-00A0C91BC942}") = "08-Using-advanced-shaders", "08-Using-advanced-shaders\08-Using-advanced-shaders.vcxproj", "{DA799085-FB23-4105-93F5-2CEB1D5D2352}"
EndProject
Project("{8BC9CEB8-8B4A-11D0-8D11-00A0C91BC942}") = "11-Writing-custom-shaders", "11-Writing-custom-shaders\11-Writing-custom-shaders.vcxproj", "{310E94A2-C4A1-4CEF-8686-96FF2AF1D26D}"
EndProject
Global
	GlobalSection(SolutionConfigurationPlatforms) = preSolution
		Debug|Win32 = Debug|Win32
		Debug|x64 = Debug|x64
		Release|Win32 = Release|Win32
		Release|x64 = Release|x64
	EndGlobalSection
	GlobalSection(ProjectConfigurationPlatforms) = postSolution
		{0846B947-17CF-4CD3-9E3A-1975D473BCAB}.Debug|Win32.ActiveCfg = Debug|Win32
		{0846B947-17CF-4CD3-9E3A-1975D473BCAB}.Debug|Win32.Build.0 = Debug|Win32
		{0846B947-17CF-4CD3-9E3A-1975D473BCAB}.Debug|x64.ActiveCfg = Debug|x64
		{0846B947-17CF-4CD3-9E3A-1975D473BCAB}.Debug|x64.Build.0 = Debug|x64
		{0846B947-17CF-4CD3-9E3A-1975D473BCAB}.Release|Win32.ActiveCfg = Release|Win32
		{0846B947-17CF-4CD3-9E3A-1975D473BCAB}.Release|Win32.Build.0 = Release|Win32
		{0846B947-17CF-4CD3-9E3A-1975D473BCAB}.Release|x64.ActiveCfg = Release|x64
		{0846B947-17CF-4CD3-9E3A-1975D473BCAB}.Release|x64.Build.0 = Release|x64
		{E0B52AE7-E160-4D32-BF3F-910B785E5A8E}.Debug|Win32.ActiveCfg = Debug|Win32
		{E0B52AE7-E160-4D32-BF3F-910B785E5A8E}.Debug|Win32.Build.0 = Debug|Win32
		{E0B52AE7-E160-4D32-BF3F-910B785E5A8E}.Debug|x64.ActiveCfg = Debug|x64
		{E0B52AE7-E160-4D32-BF3F-910B785E5A8E}.Debug|x64.Build.0 = Debug|x64
		{E0B52AE7-E160-4D32-BF3F-910B785E5A8E}.Release|Win32.ActiveCfg = Release|Win32
		{E0B52AE7-E160-4D32-BF3F-910B785E5A8E}.Release|Win32.Build.0 = Release|Win32
		{E0B52AE7-E160-4D32-BF3F-910B785E5A8E}.Release|x64.ActiveCfg = Release|x64
		{E0B52AE7-E160-4D32-BF3F-910B785E5A8E}.Release|x64.Build.0 = Release|x64
		{B4BAA057-5560-4B17-A6EE-2656245804F8}.Debug|Win32.ActiveCfg = Debug|Win32
		{B4BAA057-5560-4B17-A6EE-2656245804F8}.Debug|Win32.Build.0 = Debug|Win32
		{B4BAA057-5560-4B17-A6EE-2656245804F8}.Debug|x64.ActiveCfg = Debug|x64
		{B4BAA057-5560-4B17-A6EE-2656245804F8}.Debug|x64.Build.0 = Debug|x64
		{B4BAA057-5560-4B17-A6EE-2656245804F8}.Release|Win32.ActiveCfg = Release|Win32
		{B4BAA057-5560-4B17-A6EE-2656245804F8}.Release|Win32.Build.0 = Release|Win32
		{B4BAA057-5560-4B17-A6EE-2656245804F8}.Release|x64.ActiveCfg = Release|x64
		{B4BAA057-5560-4B17-A6EE-2656245804F8}.Release|x64.Build.0 = Release|x64
		{721CB9EE-E6D8-4656-86A5-39B6AFEEE0F2}.Debug|Win32.ActiveCfg = Debug|Win32
		{721CB9EE-E6D8-4656-86A5-39B6AFEEE0F2}.Debug|Win32.Build.0 = Debug|Win32
		{721CB9EE-E6D8-4656-86A5-39B6AFEEE0F2}.Debug|x64.ActiveCfg = Debug|x64
		{721CB9EE-E6D8-4656-86A5-39B6AFEEE0F2}.Debug|x64.Build.0 = Debug|x64
		{721CB9EE-E6D8-4656-86A5-39B6AFEEE0F2}.Release|Win32.ActiveCfg = Release|Win32
		{721CB9EE-E6D8-4656-86A5-39B6AFEEE0F2}.Release|Win32.Build.0 = Release|Win32
		{721CB9EE-E6D8-4656-86A5-39B6AFEEE0F2}.Release|x64.ActiveCfg = Release|x64
		{721CB9EE-E6D8-4656-86A5-39B6AFEEE0F2}.Release|x64.Build.0 = Release|x64
		{778A2071-CFA4-445E-ABEF-0F9DD25B4448}.Debug|Win32.ActiveCfg = Debug|Win32
		{778A2071-CFA4-445E-ABEF-0F9DD25B4448}.Debug|Win32.Build.0 = Debug|Win32
		{778A2071-CFA4-445E-ABEF-0F9DD25B4448}.Debug|x64.ActiveCfg = Debug|x64
		{778A2071-CFA4-445E-ABEF-0F9DD25B4448}.Debug|x64.Build.0 = Debug|x64
		{778A2071-CFA4-445E-ABEF-0F9DD25B4448}.Release|Win32.ActiveCfg = Release|Win32
		{778A2071-CFA4-445E-ABEF-0F9DD25B4448}.Release|Win32.Build.0 = Release|Win32
		{778A2071-CFA4-445E-ABEF-0F9DD25B4448}.Release|x64.ActiveCfg = Release|x64
		{778A2071-CFA4-445E-ABEF-0F9DD25B4448}.Release|x64.Build.0 = Release|x64
		{CAEE0B0A-4B1D-4FFA-8B70-807D9B27525C}.Debug|Win32.ActiveCfg = Debug|Win32
		{CAEE0B0A-4B1D-4FFA-8B70-807D9B27525C}.Debug|Win32.Build.0 = Debug|Win32
		{CAEE0B0A-4B1D-4FFA-8B70-807D9B27525C}.Debug|x64.ActiveCfg = Debug|x64
		{CAEE0B0A-4B1D-4FFA-8B70-807D9B27525C}.Debug|x64.Build.0 = Debug|x64
		{CAEE0B0A-4B1D-4FFA-8B70-807D9B27525C}.Release|Win32.ActiveCfg = Release|Win32
		{CAEE0B0A-4B1D-4FFA-8B70-807D9B27525C}.Release|Win32.Build.0 = Release|Win32
		{CAEE0B0A-4B1D-4FFA-8B70-807D9B27525C}.Release|x64.ActiveCfg = Release|x64
		{CAEE0B0A-4B1D-4FFA-8B70-807D9B27525C}.Release|x64.Build.0 = Release|x64
		{02ED71A8-FBEA-4AE5-B00A-09CF8A348125}.Debug|Win32.ActiveCfg = Debug|Win32
		{02ED71A8-FBEA-4AE5-B00A-09CF8A348125}.Debug|Win32.Build.0 = Debug|Win32
		{02ED71A8-FBEA-4AE5-B00A-09CF8A348125}.Debug|x64.ActiveCfg = Debug|x64
		{02ED71A8-FBEA-4AE5-B00A-09CF8A348125}.Debug|x64.Build.0 = Debug|x64
		{02ED71A8-FBEA-4AE5-B00A-09CF8A348125}.Release|Win32.ActiveCfg = Release|Win32
		{02ED71A8-FBEA-4AE5-B00A-09CF8A348125}.Release|Win32.Build.0 = Release|Win32
		{02ED71A8-FBEA-4AE5-B00A-09CF8A348125}.Release|x64.ActiveCfg = Release|x64
		{02ED71A8-FBEA-4AE5-B00A-09CF8A348125}.Release|x64.Build.0 = Release|x64
		{DA799085-FB23-4105-93F5-2CEB1D5D2352}.Debug|Win32.ActiveCfg = Debug|Win32
		{DA799085-FB23-4105-93F5-2CEB1D5D2352}.Debug|Win32.Build.0 = Debug|Win32
		{DA799085-FB23-4105-93F5-2CEB1D5D2352}.Debug|x64.ActiveCfg = Debug|x64
		{DA799085-FB23-4105-93F5-2CEB1D5D2352}.Debug|x64.Build.0 = Debug|x64
		{DA799085-FB23-4105-93F5-2CEB1D5D2352}.Release|Win32.ActiveCfg = Release|Win32
		{DA799085-FB23-4105-93F5-2CEB1D5D2352}.Release|Win32.Build.0 = Release|Win32
		{DA799085-FB23-4105-93F5-2CEB1D5D2352}.Release|x64.ActiveCfg = Release|x64
		{DA799085-FB23-4105-93F5-2CEB1D5D2352}.Release|x64.Build.0 = Release|x64
		{310E94A2-C4A1-4CEF-8686-96FF2AF1D26D}.Debug|Win32.ActiveCfg = Debug|Win32
		{310E94A2-C4A1-4CEF-8686-96FF2AF1D26D}.Debug|Win32.Build.0 = Debug|Win32
		{310E94A2-C4A1-4CEF-8686-96FF2AF1D26D}.Debug|x64.ActiveCfg = Debug|x64
		{310E94A2-C4A1-4CEF-8686-96FF2AF1D26D}.Debug|x64.Build.0 = Debug|x64
		{310E94A2-C4A1-4CEF-8686-96FF2AF1D26D}.Release|Win32.ActiveCfg = Release|Win32
		{310E94A2-C4A1-4CEF-8686-96FF2AF1D26D}.Release|Win32.Build.0 = Release|Win32
		{310E94A2-C4A1-4CEF-8686-96FF2AF1D26D}.Release|x64.ActiveCfg = Release|x64
		{310E94A2-C4A1-4CEF-8686-96FF2AF1D26D}.Release|x64.Build.0 = Release|x64
	EndGlobalSection
	GlobalSection(SolutionProperties) = preSolution
		HideSolutionNode = FALSE
	EndGlobalSection
	GlobalSection(NestedProjects) = preSolution
		{B4BAA057-5560-4B17-A6EE-2656245804F8} = {E046995E-D108-4B39-BAA2-FC9B3EFCAEE7}
		{721CB9EE-E6D8-4656-86A5-39B6AFEEE0F2} = {E046995E-D108-4B39-BAA2-FC9B3EFCAEE7}
		{778A2071-CFA4-445E-ABEF-0F9DD25B4448} = {E046995E-D108-4B39-BAA2-FC9B3EFCAEE7}
		{CAEE0B0A-4B1D-4FFA-8B70-807D9B27525C} = {E046995E-D108-4B39-BAA2-FC9B3EFCAEE7}
		{02ED71A8-FBEA-4AE5-B00A-09CF8A348125} = {E046995E-D108-4B39-BAA2-FC9B3EFCAEE7}
		{DA799085-FB23-4105-93F5-2CEB1D5D2352} = {E046995E-D108-4B39-BAA2-FC9B3EFCAEE7}
		{310E94A2-C4A1-4CEF-8686-96FF2AF1D26D} = {E046995E-D108-4B39-BAA2-FC9B3EFCAEE7}
	EndGlobalSection
EndGlobal
